
Microsoft Visual Studio Solution File, Format Version 12.00
# Visual Studio 15
VisualStudioVersion = 15.0.27428.2015
MinimumVisualStudioVersion = 10.0.40219.1
Project("{FAE04EC0-301F-11D3-BF4B-00C04F79EFBC}") = "BookingManager", "BookingManager\BookingManager.csproj", "{2098AE0C-DCED-48E2-9454-305107B34D73}"
EndProject
Project("{FAE04EC0-301F-11D3-BF4B-00C04F79EFBC}") = "BookingManagerTest", "BookingManagerTest\BookingManagerTest.csproj", "{BC5A070A-FCF0-42AA-ADEE-CC3230C7158D}"
EndProject
Global
	GlobalSection(SolutionConfigurationPlatforms) = preSolution
		Debug|Any CPU = Debug|Any CPU
		Release|Any CPU = Release|Any CPU
	EndGlobalSection
	GlobalSection(ProjectConfigurationPlatforms) = postSolution
		{2098AE0C-DCED-48E2-9454-305107B34D73}.Debug|Any CPU.ActiveCfg = Debug|Any CPU
		{2098AE0C-DCED-48E2-9454-305107B34D73}.Debug|Any CPU.Build.0 = Debug|Any CPU
		{2098AE0C-DCED-48E2-9454-305107B34D73}.Release|Any CPU.ActiveCfg = Release|Any CPU
		{2098AE0C-DCED-48E2-9454-305107B34D73}.Release|Any CPU.Build.0 = Release|Any CPU
		{BC5A070A-FCF0-42AA-ADEE-CC3230C7158D}.Debug|Any CPU.ActiveCfg = Debug|Any CPU
		{BC5A070A-FCF0-42AA-ADEE-CC3230C7158D}.Debug|Any CPU.Build.0 = Debug|Any CPU
		{BC5A070A-FCF0-42AA-ADEE-CC3230C7158D}.Release|Any CPU.ActiveCfg = Release|Any CPU
		{BC5A070A-FCF0-42AA-ADEE-CC3230C7158D}.Release|Any CPU.Build.0 = Release|Any CPU
	EndGlobalSection
	GlobalSection(SolutionProperties) = preSolution
		HideSolutionNode = FALSE
	EndGlobalSection
	GlobalSection(ExtensibilityGlobals) = postSolution
		SolutionGuid = {13A3F502-12EA-4B74-80F7-E09BE85B3857}
	EndGlobalSection
EndGlobal
